
Microsoft Visual Studio Solution File, Format Version 12.00
# Visual Studio Version 17
VisualStudioVersion = 17.6.33829.357
MinimumVisualStudioVersion = 10.0.40219.1
Project("{FAE04EC0-301F-11D3-BF4B-00C04F79EFBC}") = "gitapp", "gitapp\gitapp.csproj", "{140B60CB-9C3A-4E9E-8290-268E027DD402}"
EndProject
Global
	GlobalSection(SolutionConfigurationPlatforms) = preSolution
		Debug|Any CPU = Debug|Any CPU
		Release|Any CPU = Release|Any CPU
	EndGlobalSection
	GlobalSection(ProjectConfigurationPlatforms) = postSolution
		{140B60CB-9C3A-4E9E-8290-268E027DD402}.Debug|Any CPU.ActiveCfg = Debug|Any CPU
		{140B60CB-9C3A-4E9E-8290-268E027DD402}.Debug|Any CPU.Build.0 = Debug|Any CPU
		{140B60CB-9C3A-4E9E-8290-268E027DD402}.Release|Any CPU.ActiveCfg = Release|Any CPU
		{140B60CB-9C3A-4E9E-8290-268E027DD402}.Release|Any CPU.Build.0 = Release|Any CPU
	EndGlobalSection
	GlobalSection(SolutionProperties) = preSolution
		HideSolutionNode = FALSE
	EndGlobalSection
	GlobalSection(ExtensibilityGlobals) = postSolution
		SolutionGuid = {97291BA9-45D8-476A-A3A9-CE122F1B9BCF}
	EndGlobalSection
EndGlobal
